
Microsoft Visual Studio Solution File, Format Version 12.00
# Visual Studio Version 16
VisualStudioVersion = 16.0.31515.178
MinimumVisualStudioVersion = 10.0.40219.1
Project("{FAE04EC0-301F-11D3-BF4B-00C04F79EFBC}") = "RESTSharp.Consume", "RESTSharp.Consume\RESTSharp.Consume.csproj", "{9CEC7CE0-C863-4959-9B35-A92A6659D690}"
EndProject
Global
	GlobalSection(SolutionConfigurationPlatforms) = preSolution
		Debug|Any CPU = Debug|Any CPU
		Release|Any CPU = Release|Any CPU
	EndGlobalSection
	GlobalSection(ProjectConfigurationPlatforms) = postSolution
		{9CEC7CE0-C863-4959-9B35-A92A6659D690}.Debug|Any CPU.ActiveCfg = Debug|Any CPU
		{9CEC7CE0-C863-4959-9B35-A92A6659D690}.Debug|Any CPU.Build.0 = Debug|Any CPU
		{9CEC7CE0-C863-4959-9B35-A92A6659D690}.Release|Any CPU.ActiveCfg = Release|Any CPU
		{9CEC7CE0-C863-4959-9B35-A92A6659D690}.Release|Any CPU.Build.0 = Release|Any CPU
	EndGlobalSection
	GlobalSection(SolutionProperties) = preSolution
		HideSolutionNode = FALSE
	EndGlobalSection
	GlobalSection(ExtensibilityGlobals) = postSolution
		SolutionGuid = {5BC0CFF3-7418-4113-BC80-6C2D5EE369DE}
	EndGlobalSection
EndGlobal
